
Microsoft Visual Studio Solution File, Format Version 12.00
# Visual Studio Version 17
VisualStudioVersion = 17.4.33205.214
MinimumVisualStudioVersion = 10.0.40219.1
Project("{FAE04EC0-301F-11D3-BF4B-00C04F79EFBC}") = "SAA_Task_4-4", "SAA_Task_4-4\SAA_Task_4-4.csproj", "{71880219-89DC-4EC0-865C-C106D3BF4D0F}"
EndProject
Global
	GlobalSection(SolutionConfigurationPlatforms) = preSolution
		Debug|Any CPU = Debug|Any CPU
		Release|Any CPU = Release|Any CPU
	EndGlobalSection
	GlobalSection(ProjectConfigurationPlatforms) = postSolution
		{71880219-89DC-4EC0-865C-C106D3BF4D0F}.Debug|Any CPU.ActiveCfg = Debug|Any CPU
		{71880219-89DC-4EC0-865C-C106D3BF4D0F}.Debug|Any CPU.Build.0 = Debug|Any CPU
		{71880219-89DC-4EC0-865C-C106D3BF4D0F}.Release|Any CPU.ActiveCfg = Release|Any CPU
		{71880219-89DC-4EC0-865C-C106D3BF4D0F}.Release|Any CPU.Build.0 = Release|Any CPU
	EndGlobalSection
	GlobalSection(SolutionProperties) = preSolution
		HideSolutionNode = FALSE
	EndGlobalSection
	GlobalSection(ExtensibilityGlobals) = postSolution
		SolutionGuid = {C3827D01-4CFD-4559-AE5B-41654AD191C2}
	EndGlobalSection
EndGlobal
